
Microsoft Visual Studio Solution File, Format Version 12.00
# Visual Studio Version 16
VisualStudioVersion = 16.0.30523.141
MinimumVisualStudioVersion = 10.0.40219.1
Project("{FAE04EC0-301F-11D3-BF4B-00C04F79EFBC}") = "Astro", "Astro\Astro.csproj", "{BC3F178E-B1C3-4C52-BBE9-11E19D2CF2C4}"
EndProject
Global
	GlobalSection(SolutionConfigurationPlatforms) = preSolution
		Debug|Any CPU = Debug|Any CPU
		Release|Any CPU = Release|Any CPU
	EndGlobalSection
	GlobalSection(ProjectConfigurationPlatforms) = postSolution
		{BC3F178E-B1C3-4C52-BBE9-11E19D2CF2C4}.Debug|Any CPU.ActiveCfg = Debug|Any CPU
		{BC3F178E-B1C3-4C52-BBE9-11E19D2CF2C4}.Debug|Any CPU.Build.0 = Debug|Any CPU
		{BC3F178E-B1C3-4C52-BBE9-11E19D2CF2C4}.Release|Any CPU.ActiveCfg = Release|Any CPU
		{BC3F178E-B1C3-4C52-BBE9-11E19D2CF2C4}.Release|Any CPU.Build.0 = Release|Any CPU
	EndGlobalSection
	GlobalSection(SolutionProperties) = preSolution
		HideSolutionNode = FALSE
	EndGlobalSection
	GlobalSection(ExtensibilityGlobals) = postSolution
		SolutionGuid = {E066C8ED-8824-4A4A-8482-EF23DA0D3F4E}
	EndGlobalSection
EndGlobal
